
Microsoft Visual Studio Solution File, Format Version 12.00
# Visual Studio 14
VisualStudioVersion = 14.0.25123.0
MinimumVisualStudioVersion = 10.0.40219.1
Project("{8BB2217D-0F2D-49D1-97BC-3654ED321F3B}") = "Data", "src\AppSyndication.BackendModel.Data\Data.xproj", "{F75F973D-B9A1-4603-A47D-E1B958FF63D3}"
EndProject
Project("{8BB2217D-0F2D-49D1-97BC-3654ED321F3B}") = "IndexedData", "src\AppSyndication.BackendModel.IndexedData\IndexedData.xproj", "{1A5FEDA4-D1C2-4D1E-BA89-CD1805C9CFD6}"
EndProject
Project("{2150E333-8FDC-42A3-9474-1A3956D46DE8}") = "Solution Items", "Solution Items", "{C9E5A034-1B19-44E1-815F-20EB48D6605D}"
	ProjectSection(SolutionItems) = preProject
		global.json = global.json
	EndProjectSection
EndProject
Global
	GlobalSection(SolutionConfigurationPlatforms) = preSolution
		Debug|Any CPU = Debug|Any CPU
		Release|Any CPU = Release|Any CPU
	EndGlobalSection
	GlobalSection(ProjectConfigurationPlatforms) = postSolution
		{F75F973D-B9A1-4603-A47D-E1B958FF63D3}.Debug|Any CPU.ActiveCfg = Debug|Any CPU
		{F75F973D-B9A1-4603-A47D-E1B958FF63D3}.Debug|Any CPU.Build.0 = Debug|Any CPU
		{F75F973D-B9A1-4603-A47D-E1B958FF63D3}.Release|Any CPU.ActiveCfg = Release|Any CPU
		{F75F973D-B9A1-4603-A47D-E1B958FF63D3}.Release|Any CPU.Build.0 = Release|Any CPU
		{1A5FEDA4-D1C2-4D1E-BA89-CD1805C9CFD6}.Debug|Any CPU.ActiveCfg = Debug|Any CPU
		{1A5FEDA4-D1C2-4D1E-BA89-CD1805C9CFD6}.Debug|Any CPU.Build.0 = Debug|Any CPU
		{1A5FEDA4-D1C2-4D1E-BA89-CD1805C9CFD6}.Release|Any CPU.ActiveCfg = Release|Any CPU
		{1A5FEDA4-D1C2-4D1E-BA89-CD1805C9CFD6}.Release|Any CPU.Build.0 = Release|Any CPU
	EndGlobalSection
	GlobalSection(SolutionProperties) = preSolution
		HideSolutionNode = FALSE
	EndGlobalSection
EndGlobal
